// !$*UTF8*$!
{
	archiveVersion = 1;
	classes = {
	};
	objectVersion = 46;
	objects = {

/* Begin PBXBuildFile section */
		9332328F1F1C8E2A00103461 /* main.m in Sources */ = {isa = PBXBuildFile; fileRef = 9332328E1F1C8E2A00103461 /* main.m */; };
		933232921F1C8E2A00103461 /* AppDelegate.m in Sources */ = {isa = PBXBuildFile; fileRef = 933232911F1C8E2A00103461 /* AppDelegate.m */; };
		933232951F1C8E2A00103461 /* ViewController.m in Sources */ = {isa = PBXBuildFile; fileRef = 933232941F1C8E2A00103461 /* ViewController.m */; };
		933232981F1C8E2A00103461 /* Main.storyboard in Resources */ = {isa = PBXBuildFile; fileRef = 933232961F1C8E2A00103461 /* Main.storyboard */; };
		9332329A1F1C8E2A00103461 /* Assets.xcassets in Resources */ = {isa = PBXBuildFile; fileRef = 933232991F1C8E2A00103461 /* Assets.xcassets */; };
		9332329D1F1C8E2A00103461 /* LaunchScreen.storyboard in Resources */ = {isa = PBXBuildFile; fileRef = 9332329B1F1C8E2A00103461 /* LaunchScreen.storyboard */; };
/* End PBXBuildFile section */

/* Begin PBXFileReference section */
		9332328A1F1C8E2A00103461 /* QMKG.app */ = {isa = PBXFileReference; explicitFileType = wrapper.application; includeInIndex = 0; path = QMKG.app; sourceTree = BUILT_PRODUCTS_DIR; };
		9332328E1F1C8E2A00103461 /* main.m */ = {isa = PBXFileReference; lastKnownFileType = sourcecode.c.objc; path = main.m; sourceTree = "<group>"; };
		933232901F1C8E2A00103461 /* AppDelegate.h */ = {isa = PBXFileReference; lastKnownFileType = sourcecode.c.h; path = AppDelegate.h; sourceTree = "<group>"; };
		933232911F1C8E2A00103461 /* AppDelegate.m */ = {isa = PBXFileReference; lastKnownFileType = sourcecode.c.objc; path = AppDelegate.m; sourceTree = "<group>"; };
		933232931F1C8E2A00103461 /* ViewController.h */ = {isa = PBXFileReference; lastKnownFileType = sourcecode.c.h; path = ViewController.h; sourceTree = "<group>"; };
		933232941F1C8E2A00103461 /* ViewController.m */ = {isa = PBXFileReference; lastKnownFileType = sourcecode.c.objc; path = ViewController.m; sourceTree = "<group>"; };
		933232971F1C8E2A00103461 /* Base */ = {isa = PBXFileReference; lastKnownFileType = file.storyboard; name = Base; path = Base.lproj/Main.storyboard; sourceTree = "<group>"; };
		933232991F1C8E2A00103461 /* Assets.xcassets */ = {isa = PBXFileReference; lastKnownFileType = folder.assetcatalog; path = Assets.xcassets; sourceTree = "<group>"; };
		9332329C1F1C8E2A00103461 /* Base */ = {isa = PBXFileReference; lastKnownFileType = file.storyboard; name = Base; path = Base.lproj/LaunchScreen.storyboard; sourceTree = "<group>"; };
		9332329E1F1C8E2A00103461 /* Info.plist */ = {isa = PBXFileReference; lastKnownFileType = text.plist.xml; path = Info.plist; sourceTree = "<group>"; };
/* End PBXFileReference section */

/* Begin PBXFrameworksBuildPhase section */
		933232871F1C8E2900103461 /* Frameworks */ = {
			isa = PBXFrameworksBuildPhase;
			buildActionMask = 2147483647;
			files = (
			);
			runOnlyForDeploymentPostprocessing = 0;
		};
/* End PBXFrameworksBuildPhase section */

/* Begin PBXGroup section */
		933232811F1C8E2900103461 = {
			isa = PBXGroup;
			children = (
				9332328C1F1C8E2A00103461 /* QMKG */,
				9332328B1F1C8E2A00103461 /* Products */,
			);
			sourceTree = "<group>";
		};
		9332328B1F1C8E2A00103461 /* Products */ = {
			isa = PBXGroup;
			children = (
				9332328A1F1C8E2A00103461 /* QMKG.app */,
			);
			name = Products;
			sourceTree = "<group>";
		};
		9332328C1F1C8E2A00103461 /* QMKG */ = {
			isa = PBXGroup;
			children = (
				933232901F1C8E2A00103461 /* AppDelegate.h */,
				933232911F1C8E2A00103461 /* AppDelegate.m */,
				933232931F1C8E2A00103461 /* ViewController.h */,
				933232941F1C8E2A00103461 /* ViewController.m */,
				933232961F1C8E2A00103461 /* Main.storyboard */,
				933232991F1C8E2A00103461 /* Assets.xcassets */,
				9332329B1F1C8E2A00103461 /* LaunchScreen.storyboard */,
				9332329E1F1C8E2A00103461 /* Info.plist */,
				9332328D1F1C8E2A00103461 /* Supporting Files */,
			);
			path = QMKG;
			sourceTree = "<group>";
		};
		9332328D1F1C8E2A00103461 /* Supporting Files */ = {
			isa = PBXGroup;
			children = (
				9332328E1F1C8E2A00103461 /* main.m */,
			);
			name = "Supporting Files";
			sourceTree = "<group>";
		};
/* End PBXGroup section */

/* Begin PBXNativeTarget section */
		933232891F1C8E2900103461 /* QMKG */ = {
			isa = PBXNativeTarget;
			buildConfigurationList = 933232A11F1C8E2A00103461 /* Build configuration list for PBXNativeTarget "QMKG" */;
			buildPhases = (
				933232861F1C8E2900103461 /* Sources */,
				933232871F1C8E2900103461 /* Frameworks */,
				933232881F1C8E2900103461 /* Resources */,
			);
			buildRules = (
			);
			dependencies = (
			);
			name = QMKG;
			productName = QMKG;
			productReference = 9332328A1F1C8E2A00103461 /* QMKG.app */;
			productType = "com.apple.product-type.application";
		};
/* End PBXNativeTarget section */

/* Begin PBXProject section */
		933232821F1C8E2900103461 /* Project object */ = {
			isa = PBXProject;
			attributes = {
				LastUpgradeCheck = 0830;
				ORGANIZATIONNAME = "王涛";
				TargetAttributes = {
					933232891F1C8E2900103461 = {
						CreatedOnToolsVersion = 8.3.3;
						DevelopmentTeam = 2KN6539LSM;
						ProvisioningStyle = Automatic;
					};
				};
			};
			buildConfigurationList = 933232851F1C8E2900103461 /* Build configuration list for PBXProject "QMKG" */;
			compatibilityVersion = "Xcode 3.2";
			developmentRegion = English;
			hasScannedForEncodings = 0;
			knownRegions = (
				en,
				Base,
			);
			mainGroup = 933232811F1C8E2900103461;
			productRefGroup = 9332328B1F1C8E2A00103461 /* Products */;
			projectDirPath = "";
			projectRoot = "";
			targets = (
				933232891F1C8E2900103461 /* QMKG */,
			);
		};
/* End PBXProject section */

/* Begin PBXResourcesBuildPhase section */
		933232881F1C8E2900103461 /* Resources */ = {
			isa = PBXResourcesBuildPhase;
			buildActionMask = 2147483647;
			files = (
				9332329D1F1C8E2A00103461 /* LaunchScreen.storyboard in Resources */,
				9332329A1F1C8E2A00103461 /* Assets.xcassets in Resources */,
				933232981F1C8E2A00103461 /* Main.storyboard in Resources */,
			);
			runOnlyForDeploymentPostprocessing = 0;
		};
/* End PBXResourcesBuildPhase section */

/* Begin PBXSourcesBuildPhase section */
		933232861F1C8E2900103461 /* Sources */ = {
			isa = PBXSourcesBuildPhase;
			buildActionMask = 2147483647;
			files = (
				933232951F1C8E2A00103461 /* ViewController.m in Sources */,
				933232921F1C8E2A00103461 /* AppDelegate.m in Sources */,
				9332328F1F1C8E2A00103461 /* main.m in Sources */,
			);
			runOnlyForDeploymentPostprocessing = 0;
		};
/* End PBXSourcesBuildPhase section */

/* Begin PBXVariantGroup section */
		933232961F1C8E2A00103461 /* Main.storyboard */ = {
			isa = PBXVariantGroup;
			children = (
				933232971F1C8E2A00103461 /* Base */,
			);
			name = Main.storyboard;
			sourceTree = "<group>";
		};
		9332329B1F1C8E2A00103461 /* LaunchScreen.storyboard */ = {
			isa = PBXVariantGroup;
			children = (
				9332329C1F1C8E2A00103461 /* Base */,
			);
			name = LaunchScreen.storyboard;
			sourceTree = "<group>";
		};
/* End PBXVariantGroup section */

/* Begin XCBuildConfiguration section */
		9332329F1F1C8E2A00103461 /* Debug */ = {
			isa = XCBuildConfiguration;
			buildSettings = {
				ALWAYS_SEARCH_USER_PATHS = NO;
				CLANG_ANALYZER_NONNULL = YES;
				CLANG_ANALYZER_NUMBER_OBJECT_CONVERSION = YES_AGGRESSIVE;
				CLANG_CXX_LANGUAGE_STANDARD = "gnu++0x";
				CLANG_CXX_LIBRARY = "libc++";
				CLANG_ENABLE_MODULES = YES;
				CLANG_ENABLE_OBJC_ARC = YES;
				CLANG_WARN_BOOL_CONVERSION = YES;
				CLANG_WARN_CONSTANT_CONVERSION = YES;
				CLANG_WARN_DIRECT_OBJC_ISA_USAGE = YES_ERROR;
				CLANG_WARN_DOCUMENTATION_COMMENTS = YES;
				CLANG_WARN_EMPTY_BODY = YES;
				CLANG_WARN_ENUM_CONVERSION = YES;
				CLANG_WARN_INFINITE_RECURSION = YES;
				CLANG_WARN_INT_CONVERSION = YES;
				CLANG_WARN_OBJC_ROOT_CLASS = YES_ERROR;
				CLANG_WARN_SUSPICIOUS_MOVE = YES;
				CLANG_WARN_UNREACHABLE_CODE = YES;
				CLANG_WARN__DUPLICATE_METHOD_MATCH = YES;
				"CODE_SIGN_IDENTITY[sdk=iphoneos*]" = "iPhone Developer";
				COPY_PHASE_STRIP = NO;
				DEBUG_INFORMATION_FORMAT = dwarf;
				ENABLE_STRICT_OBJC_MSGSEND = YES;
				ENABLE_TESTABILITY = YES;
				GCC_C_LANGUAGE_STANDARD = gnu99;
				GCC_DYNAMIC_NO_PIC = NO;
				GCC_NO_COMMON_BLOCKS = YES;
				GCC_OPTIMIZATION_LEVEL = 0;
				GCC_PREPROCESSOR_DEFINITIONS = (
					"DEBUG=1",
					"$(inherited)",
				);
				GCC_WARN_64_TO_32_BIT_CONVERSION = YES;
				GCC_WARN_ABOUT_RETURN_TYPE = YES_ERROR;
				GCC_WARN_UNDECLARED_SELECTOR = YES;
				GCC_WARN_UNINITIALIZED_AUTOS = YES_AGGRESSIVE;
				GCC_WARN_UNUSED_FUNCTION = YES;
				GCC_WARN_UNUSED_VARIABLE = YES;
				IPHONEOS_DEPLOYMENT_TARGET = 10.3;
				MTL_ENABLE_DEBUG_INFO = YES;
				ONLY_ACTIVE_ARCH = YES;
				SDKROOT = iphoneos;
			};
			name = Debug;
		};
		933232A01F1C8E2A00103461 /* Release */ = {
			isa = XCBuildConfiguration;
			buildSettings = {
				ALWAYS_SEARCH_USER_PATHS = NO;
				CLANG_ANALYZER_NONNULL = YES;
				CLANG_ANALYZER_NUMBER_OBJECT_CONVERSION = YES_AGGRESSIVE;
				CLANG_CXX_LANGUAGE_STANDARD = "gnu++0x";
				CLANG_CXX_LIBRARY = "libc++";
				CLANG_ENABLE_MODULES = YES;
				CLANG_ENABLE_OBJC_ARC = YES;
				CLANG_WARN_BOOL_CONVERSION = YES;
				CLANG_WARN_CONSTANT_CONVERSION = YES;
				CLANG_WARN_DIRECT_OBJC_ISA_USAGE = YES_ERROR;
				CLANG_WARN_DOCUMENTATION_COMMENTS = YES;
				CLANG_WARN_EMPTY_BODY = YES;
				CLANG_WARN_ENUM_CONVERSION = YES;
				CLANG_WARN_INFINITE_RECURSION = YES;
				CLANG_WARN_INT_CONVERSION = YES;
				CLANG_WARN_OBJC_ROOT_CLASS = YES_ERROR;
				CLANG_WARN_SUSPICIOUS_MOVE = YES;
				CLANG_WARN_UNREACHABLE_CODE = YES;
				CLANG_WARN__DUPLICATE_METHOD_MATCH = YES;
				"CODE_SIGN_IDENTITY[sdk=iphoneos*]" = "iPhone Developer";
				COPY_PHASE_STRIP = NO;
				DEBUG_INFORMATION_FORMAT = "dwarf-with-dsym";
				ENABLE_NS_ASSERTIONS = NO;
				ENABLE_STRICT_OBJC_MSGSEND = YES;
				GCC_C_LANGUAGE_STANDARD = gnu99;
				GCC_NO_COMMON_BLOCKS = YES;
				GCC_WARN_64_TO_32_BIT_CONVERSION = YES;
				GCC_WARN_ABOUT_RETURN_TYPE = YES_ERROR;
				GCC_WARN_UNDECLARED_SELECTOR = YES;
				GCC_WARN_UNINITIALIZED_AUTOS = YES_AGGRESSIVE;
				GCC_WARN_UNUSED_FUNCTION = YES;
				GCC_WARN_UNUSED_VARIABLE = YES;
				IPHONEOS_DEPLOYMENT_TARGET = 10.3;
				MTL_ENABLE_DEBUG_INFO = NO;
				SDKROOT = iphoneos;
				VALIDATE_PRODUCT = YES;
			};
			name = Release;
		};
		933232A21F1C8E2A00103461 /* Debug */ = {
			isa = XCBuildConfiguration;
			buildSettings = {
				ASSETCATALOG_COMPILER_APPICON_NAME = AppIcon;
				DEVELOPMENT_TEAM = 2KN6539LSM;
				INFOPLIST_FILE = QMKG/Info.plist;
				LD_RUNPATH_SEARCH_PATHS = "$(inherited) @executable_path/Frameworks";
				PRODUCT_BUNDLE_IDENTIFIER = wangtao.QMKG;
				PRODUCT_NAME = "$(TARGET_NAME)";
			};
			name = Debug;
		};
		933232A31F1C8E2A00103461 /* Release */ = {
			isa = XCBuildConfiguration;
			buildSettings = {
				ASSETCATALOG_COMPILER_APPICON_NAME = AppIcon;
				DEVELOPMENT_TEAM = 2KN6539LSM;
				INFOPLIST_FILE = QMKG/Info.plist;
				LD_RUNPATH_SEARCH_PATHS = "$(inherited) @executable_path/Frameworks";
				PRODUCT_BUNDLE_IDENTIFIER = wangtao.QMKG;
				PRODUCT_NAME = "$(TARGET_NAME)";
			};
			name = Release;
		};
/* End XCBuildConfiguration section */

/* Begin XCConfigurationList section */
		933232851F1C8E2900103461 /* Build configuration list for PBXProject "QMKG" */ = {
			isa = XCConfigurationList;
			buildConfigurations = (
				9332329F1F1C8E2A00103461 /* Debug */,
				933232A01F1C8E2A00103461 /* Release */,
			);
			defaultConfigurationIsVisible = 0;
			defaultConfigurationName = Release;
		};
		933232A11F1C8E2A00103461 /* Build configuration list for PBXNativeTarget "QMKG" */ = {
			isa = XCConfigurationList;
			buildConfigurations = (
				933232A21F1C8E2A00103461 /* Debug */,
				933232A31F1C8E2A00103461 /* Release */,
			);
			defaultConfigurationIsVisible = 0;
		};
/* End XCConfigurationList section */
	};
	rootObject = 933232821F1C8E2900103461 /* Project object */;
}
